
Microsoft Visual Studio Solution File, Format Version 12.00
# Visual Studio Version 17
VisualStudioVersion = 17.0.31903.59
MinimumVisualStudioVersion = 10.0.40219.1
Project("{FAE04EC0-301F-11D3-BF4B-00C04F79EFBC}") = "Wireguard.net.Frontend", "Wireguard.net.Frontend\Wireguard.net.Frontend.csproj", "{FBDD517E-1158-429E-9DDC-1CFECF0474F4}"
EndProject
Project("{FAE04EC0-301F-11D3-BF4B-00C04F79EFBC}") = "Wireguard.net.ConfigAPI", "Wireguard.net.ConfigAPI\Wireguard.net.ConfigAPI.csproj", "{F443C655-E045-405E-8B22-F6A2B5D8AB26}"
EndProject
Project("{FAE04EC0-301F-11D3-BF4B-00C04F79EFBC}") = "Wireguard.net.ConfigAPI.Common", "Wireguard.net.ConfigAPI.Common\Wireguard.net.ConfigAPI.Common.csproj", "{78321EF4-824E-4654-9531-05B028272EA7}"
EndProject
Project("{FAE04EC0-301F-11D3-BF4B-00C04F79EFBC}") = "Wireguard.net.ConfigAPI.DataAccess", "Wireguard.net.ConfigAPI.DataAccess\Wireguard.net.ConfigAPI.DataAccess.csproj", "{A3DEFF79-DD33-4CD4-9E57-972E0FC90A3E}"
EndProject
Project("{FAE04EC0-301F-11D3-BF4B-00C04F79EFBC}") = "WireGuard.net.ConfigAPI.SystemHandles", "WireGuard.net.ConfigAPI.SystemHandles\WireGuard.net.ConfigAPI.SystemHandles.csproj", "{37605910-C57D-45FC-A814-EDFA6C2A51BE}"
EndProject
Project("{2150E333-8FDC-42A3-9474-1A3956D46DE8}") = "Solution Items", "Solution Items", "{90DDE2CC-4375-4F17-A7B9-F4BF127D5602}"
	ProjectSection(SolutionItems) = preProject
		docker-compose.yml = docker-compose.yml
	EndProjectSection
EndProject
Global
	GlobalSection(SolutionConfigurationPlatforms) = preSolution
		Debug|Any CPU = Debug|Any CPU
		Release|Any CPU = Release|Any CPU
	EndGlobalSection
	GlobalSection(SolutionProperties) = preSolution
		HideSolutionNode = FALSE
	EndGlobalSection
	GlobalSection(ProjectConfigurationPlatforms) = postSolution
		{FBDD517E-1158-429E-9DDC-1CFECF0474F4}.Debug|Any CPU.ActiveCfg = Debug|Any CPU
		{FBDD517E-1158-429E-9DDC-1CFECF0474F4}.Debug|Any CPU.Build.0 = Debug|Any CPU
		{FBDD517E-1158-429E-9DDC-1CFECF0474F4}.Release|Any CPU.ActiveCfg = Release|Any CPU
		{FBDD517E-1158-429E-9DDC-1CFECF0474F4}.Release|Any CPU.Build.0 = Release|Any CPU
		{F443C655-E045-405E-8B22-F6A2B5D8AB26}.Debug|Any CPU.ActiveCfg = Debug|Any CPU
		{F443C655-E045-405E-8B22-F6A2B5D8AB26}.Debug|Any CPU.Build.0 = Debug|Any CPU
		{F443C655-E045-405E-8B22-F6A2B5D8AB26}.Release|Any CPU.ActiveCfg = Release|Any CPU
		{F443C655-E045-405E-8B22-F6A2B5D8AB26}.Release|Any CPU.Build.0 = Release|Any CPU
		{78321EF4-824E-4654-9531-05B028272EA7}.Debug|Any CPU.ActiveCfg = Debug|Any CPU
		{78321EF4-824E-4654-9531-05B028272EA7}.Debug|Any CPU.Build.0 = Debug|Any CPU
		{78321EF4-824E-4654-9531-05B028272EA7}.Release|Any CPU.ActiveCfg = Release|Any CPU
		{78321EF4-824E-4654-9531-05B028272EA7}.Release|Any CPU.Build.0 = Release|Any CPU
		{A3DEFF79-DD33-4CD4-9E57-972E0FC90A3E}.Debug|Any CPU.ActiveCfg = Debug|Any CPU
		{A3DEFF79-DD33-4CD4-9E57-972E0FC90A3E}.Debug|Any CPU.Build.0 = Debug|Any CPU
		{A3DEFF79-DD33-4CD4-9E57-972E0FC90A3E}.Release|Any CPU.ActiveCfg = Release|Any CPU
		{A3DEFF79-DD33-4CD4-9E57-972E0FC90A3E}.Release|Any CPU.Build.0 = Release|Any CPU
		{37605910-C57D-45FC-A814-EDFA6C2A51BE}.Debug|Any CPU.ActiveCfg = Debug|Any CPU
		{37605910-C57D-45FC-A814-EDFA6C2A51BE}.Debug|Any CPU.Build.0 = Debug|Any CPU
		{37605910-C57D-45FC-A814-EDFA6C2A51BE}.Release|Any CPU.ActiveCfg = Release|Any CPU
		{37605910-C57D-45FC-A814-EDFA6C2A51BE}.Release|Any CPU.Build.0 = Release|Any CPU
	EndGlobalSection
EndGlobal
